
Microsoft Visual Studio Solution File, Format Version 12.00
# Visual Studio Version 16
VisualStudioVersion = 16.0.33423.256
MinimumVisualStudioVersion = 10.0.40219.1
Project("{FAE04EC0-301F-11D3-BF4B-00C04F79EFBC}") = "DataCollecting", "ConsoleApp1\DataCollecting.csproj", "{8BB25B96-DEC8-4521-ACA5-D089D9E862F9}"
EndProject
Global
	GlobalSection(SolutionConfigurationPlatforms) = preSolution
		Debug|Any CPU = Debug|Any CPU
		Release|Any CPU = Release|Any CPU
	EndGlobalSection
	GlobalSection(ProjectConfigurationPlatforms) = postSolution
		{8BB25B96-DEC8-4521-ACA5-D089D9E862F9}.Debug|Any CPU.ActiveCfg = Debug|Any CPU
		{8BB25B96-DEC8-4521-ACA5-D089D9E862F9}.Debug|Any CPU.Build.0 = Debug|Any CPU
		{8BB25B96-DEC8-4521-ACA5-D089D9E862F9}.Release|Any CPU.ActiveCfg = Release|Any CPU
		{8BB25B96-DEC8-4521-ACA5-D089D9E862F9}.Release|Any CPU.Build.0 = Release|Any CPU
	EndGlobalSection
	GlobalSection(SolutionProperties) = preSolution
		HideSolutionNode = FALSE
	EndGlobalSection
	GlobalSection(ExtensibilityGlobals) = postSolution
		SolutionGuid = {3107543C-84F3-4323-943C-29B9B60CA268}
	EndGlobalSection
EndGlobal
